
Microsoft Visual Studio Solution File, Format Version 12.00
# Visual Studio 2012
Project("{FAE04EC0-301F-11D3-BF4B-00C04F79EFBC}") = "NetStGeometry", "NetStGeometry\NetStGeometry.csproj", "{EAC07542-39E2-4D53-B2D1-985D91B9197A}"
EndProject
Project("{FAE04EC0-301F-11D3-BF4B-00C04F79EFBC}") = "NetStGeometryTest", "NetStGeometryTest\NetStGeometryTest.csproj", "{CD2E581E-74B1-4D53-88A7-73783F60E143}"
EndProject
Global
	GlobalSection(SolutionConfigurationPlatforms) = preSolution
		Debug|Any CPU = Debug|Any CPU
		Release|Any CPU = Release|Any CPU
	EndGlobalSection
	GlobalSection(ProjectConfigurationPlatforms) = postSolution
		{EAC07542-39E2-4D53-B2D1-985D91B9197A}.Debug|Any CPU.ActiveCfg = Debug|Any CPU
		{EAC07542-39E2-4D53-B2D1-985D91B9197A}.Debug|Any CPU.Build.0 = Debug|Any CPU
		{EAC07542-39E2-4D53-B2D1-985D91B9197A}.Release|Any CPU.ActiveCfg = Release|Any CPU
		{EAC07542-39E2-4D53-B2D1-985D91B9197A}.Release|Any CPU.Build.0 = Release|Any CPU
		{CD2E581E-74B1-4D53-88A7-73783F60E143}.Debug|Any CPU.ActiveCfg = Debug|Any CPU
		{CD2E581E-74B1-4D53-88A7-73783F60E143}.Debug|Any CPU.Build.0 = Debug|Any CPU
		{CD2E581E-74B1-4D53-88A7-73783F60E143}.Release|Any CPU.ActiveCfg = Release|Any CPU
		{CD2E581E-74B1-4D53-88A7-73783F60E143}.Release|Any CPU.Build.0 = Release|Any CPU
	EndGlobalSection
	GlobalSection(SolutionProperties) = preSolution
		HideSolutionNode = FALSE
	EndGlobalSection
EndGlobal
